# This file is automatically @generated by Cargo.
# It is not intended for manual editing.
version = 3

[[package]]
name = "acpi"
version = "0.0.0"
dependencies = [
 "alloc",
 "parser",
]

[[package]]
name = "alloc"
version = "0.0.0"

[[package]]
name = "bootloader_api"
version = "0.0.0"

[[package]]
name = "parser"
version = "0.0.0"
dependencies = [
 "alloc",
]

[[package]]
name = "ros"
version = "0.0.0"
dependencies = [
 "acpi",
 "alloc",
 "bootloader_api",
 "parser",
 "serial",
 "uefi",
 "x86_64",
]

[[package]]
name = "serial"
version = "0.0.0"

[[package]]
name = "uefi"
version = "0.0.0"
dependencies = [
 "alloc",
]

[[package]]
name = "x86_64"
version = "0.0.0"
