# This file is automatically @generated by Cargo.
# It is not intended for manual editing.
version = 3

[[package]]
name = "alloc"
version = "0.0.0"

[[package]]
name = "bootloader_api"
version = "0.0.0"
dependencies = [
 "uefi",
]

[[package]]
name = "uefi"
version = "0.0.0"
dependencies = [
 "alloc",
]
